
Microsoft Visual Studio Solution File, Format Version 12.00
# Visual Studio Version 17
VisualStudioVersion = 17.9.34622.214
MinimumVisualStudioVersion = 10.0.40219.1
Project("{FAE04EC0-301F-11D3-BF4B-00C04F79EFBC}") = "SIHOT.Wallet.API", "SIHOT.Wallet.API\SIHOT.Wallet.API.csproj", "{FCDB69A8-6AE5-444B-A125-10AE99F3A252}"
EndProject
Global
	GlobalSection(SolutionConfigurationPlatforms) = preSolution
		Debug|Any CPU = Debug|Any CPU
		Release|Any CPU = Release|Any CPU
	EndGlobalSection
	GlobalSection(ProjectConfigurationPlatforms) = postSolution
		{FCDB69A8-6AE5-444B-A125-10AE99F3A252}.Debug|Any CPU.ActiveCfg = Debug|Any CPU
		{FCDB69A8-6AE5-444B-A125-10AE99F3A252}.Debug|Any CPU.Build.0 = Debug|Any CPU
		{FCDB69A8-6AE5-444B-A125-10AE99F3A252}.Release|Any CPU.ActiveCfg = Release|Any CPU
		{FCDB69A8-6AE5-444B-A125-10AE99F3A252}.Release|Any CPU.Build.0 = Release|Any CPU
	EndGlobalSection
	GlobalSection(SolutionProperties) = preSolution
		HideSolutionNode = FALSE
	EndGlobalSection
	GlobalSection(ExtensibilityGlobals) = postSolution
		SolutionGuid = {282E88B9-771D-46AC-91A6-02262EDA0776}
	EndGlobalSection
EndGlobal
